// !$*UTF8*$!
{
	archiveVersion = 1;
	classes = {
	};
	objectVersion = 56;
	objects = {

/* Begin PBXBuildFile section */
		EA5912D82900DDD600351876 /* AppDelegate.swift in Sources */ = {isa = PBXBuildFile; fileRef = EA5912D72900DDD600351876 /* AppDelegate.swift */; };
		EA5912DA2900DDD600351876 /* SceneDelegate.swift in Sources */ = {isa = PBXBuildFile; fileRef = EA5912D92900DDD600351876 /* SceneDelegate.swift */; };
		EA5912DC2900DDD600351876 /* ViewController.swift in Sources */ = {isa = PBXBuildFile; fileRef = EA5912DB2900DDD600351876 /* ViewController.swift */; };
		EA5912E12900DDD700351876 /* Assets.xcassets in Resources */ = {isa = PBXBuildFile; fileRef = EA5912E02900DDD700351876 /* Assets.xcassets */; };
		EA5912E42900DDD700351876 /* LaunchScreen.storyboard in Resources */ = {isa = PBXBuildFile; fileRef = EA5912E22900DDD700351876 /* LaunchScreen.storyboard */; };
		EA5912EF2900DDD700351876 /* Concrete_Bootcamp_ViewCodeTests.swift in Sources */ = {isa = PBXBuildFile; fileRef = EA5912EE2900DDD700351876 /* Concrete_Bootcamp_ViewCodeTests.swift */; };
		EA5912F92900DDD700351876 /* Concrete_Bootcamp_ViewCodeUITests.swift in Sources */ = {isa = PBXBuildFile; fileRef = EA5912F82900DDD700351876 /* Concrete_Bootcamp_ViewCodeUITests.swift */; };
		EA5912FB2900DDD700351876 /* Concrete_Bootcamp_ViewCodeUITestsLaunchTests.swift in Sources */ = {isa = PBXBuildFile; fileRef = EA5912FA2900DDD700351876 /* Concrete_Bootcamp_ViewCodeUITestsLaunchTests.swift */; };
		EA5913092900E51B00351876 /* CustomViewController.swift in Sources */ = {isa = PBXBuildFile; fileRef = EA5913082900E51B00351876 /* CustomViewController.swift */; };
		EA59130B2900E60A00351876 /* CustomView.swift in Sources */ = {isa = PBXBuildFile; fileRef = EA59130A2900E60A00351876 /* CustomView.swift */; };
		EA59130E2900E7B500351876 /* ViewCode.swift in Sources */ = {isa = PBXBuildFile; fileRef = EA59130D2900E7B500351876 /* ViewCode.swift */; };
/* End PBXBuildFile section */

/* Begin PBXContainerItemProxy section */
		EA5912EB2900DDD700351876 /* PBXContainerItemProxy */ = {
			isa = PBXContainerItemProxy;
			containerPortal = EA5912CC2900DDD600351876 /* Project object */;
			proxyType = 1;
			remoteGlobalIDString = EA5912D32900DDD600351876;
			remoteInfo = Concrete_Bootcamp_ViewCode;
		};
		EA5912F52900DDD700351876 /* PBXContainerItemProxy */ = {
			isa = PBXContainerItemProxy;
			containerPortal = EA5912CC2900DDD600351876 /* Project object */;
			proxyType = 1;
			remoteGlobalIDString = EA5912D32900DDD600351876;
			remoteInfo = Concrete_Bootcamp_ViewCode;
		};
/* End PBXContainerItemProxy section */

/* Begin PBXFileReference section */
		EA5912D42900DDD600351876 /* Concrete_Bootcamp_ViewCode.app */ = {isa = PBXFileReference; explicitFileType = wrapper.application; includeInIndex = 0; path = Concrete_Bootcamp_ViewCode.app; sourceTree = BUILT_PRODUCTS_DIR; };
		EA5912D72900DDD600351876 /* AppDelegate.swift */ = {isa = PBXFileReference; lastKnownFileType = sourcecode.swift; path = AppDelegate.swift; sourceTree = "<group>"; };
		EA5912D92900DDD600351876 /* SceneDelegate.swift */ = {isa = PBXFileReference; lastKnownFileType = sourcecode.swift; path = SceneDelegate.swift; sourceTree = "<group>"; };
		EA5912DB2900DDD600351876 /* ViewController.swift */ = {isa = PBXFileReference; lastKnownFileType = sourcecode.swift; path = ViewController.swift; sourceTree = "<group>"; };
		EA5912E02900DDD700351876 /* Assets.xcassets */ = {isa = PBXFileReference; lastKnownFileType = folder.assetcatalog; path = Assets.xcassets; sourceTree = "<group>"; };
		EA5912E32900DDD700351876 /* Base */ = {isa = PBXFileReference; lastKnownFileType = file.storyboard; name = Base; path = Base.lproj/LaunchScreen.storyboard; sourceTree = "<group>"; };
		EA5912E52900DDD700351876 /* Info.plist */ = {isa = PBXFileReference; lastKnownFileType = text.plist.xml; path = Info.plist; sourceTree = "<group>"; };
		EA5912EA2900DDD700351876 /* Concrete_Bootcamp_ViewCodeTests.xctest */ = {isa = PBXFileReference; explicitFileType = wrapper.cfbundle; includeInIndex = 0; path = Concrete_Bootcamp_ViewCodeTests.xctest; sourceTree = BUILT_PRODUCTS_DIR; };
		EA5912EE2900DDD700351876 /* Concrete_Bootcamp_ViewCodeTests.swift */ = {isa = PBXFileReference; lastKnownFileType = sourcecode.swift; path = Concrete_Bootcamp_ViewCodeTests.swift; sourceTree = "<group>"; };
		EA5912F42900DDD700351876 /* Concrete_Bootcamp_ViewCodeUITests.xctest */ = {isa = PBXFileReference; explicitFileType = wrapper.cfbundle; includeInIndex = 0; path = Concrete_Bootcamp_ViewCodeUITests.xctest; sourceTree = BUILT_PRODUCTS_DIR; };
		EA5912F82900DDD700351876 /* Concrete_Bootcamp_ViewCodeUITests.swift */ = {isa = PBXFileReference; lastKnownFileType = sourcecode.swift; path = Concrete_Bootcamp_ViewCodeUITests.swift; sourceTree = "<group>"; };
		EA5912FA2900DDD700351876 /* Concrete_Bootcamp_ViewCodeUITestsLaunchTests.swift */ = {isa = PBXFileReference; lastKnownFileType = sourcecode.swift; path = Concrete_Bootcamp_ViewCodeUITestsLaunchTests.swift; sourceTree = "<group>"; };
		EA5913082900E51B00351876 /* CustomViewController.swift */ = {isa = PBXFileReference; lastKnownFileType = sourcecode.swift; path = CustomViewController.swift; sourceTree = "<group>"; };
		EA59130A2900E60A00351876 /* CustomView.swift */ = {isa = PBXFileReference; lastKnownFileType = sourcecode.swift; path = CustomView.swift; sourceTree = "<group>"; };
		EA59130D2900E7B500351876 /* ViewCode.swift */ = {isa = PBXFileReference; lastKnownFileType = sourcecode.swift; path = ViewCode.swift; sourceTree = "<group>"; };
/* End PBXFileReference section */

/* Begin PBXFrameworksBuildPhase section */
		EA5912D12900DDD600351876 /* Frameworks */ = {
			isa = PBXFrameworksBuildPhase;
			buildActionMask = 2147483647;
			files = (
			);
			runOnlyForDeploymentPostprocessing = 0;
		};
		EA5912E72900DDD700351876 /* Frameworks */ = {
			isa = PBXFrameworksBuildPhase;
			buildActionMask = 2147483647;
			files = (
			);
			runOnlyForDeploymentPostprocessing = 0;
		};
		EA5912F12900DDD700351876 /* Frameworks */ = {
			isa = PBXFrameworksBuildPhase;
			buildActionMask = 2147483647;
			files = (
			);
			runOnlyForDeploymentPostprocessing = 0;
		};
/* End PBXFrameworksBuildPhase section */

/* Begin PBXGroup section */
		EA5912CB2900DDD600351876 = {
			isa = PBXGroup;
			children = (
				EA5912D62900DDD600351876 /* Concrete_Bootcamp_ViewCode */,
				EA5912ED2900DDD700351876 /* Concrete_Bootcamp_ViewCodeTests */,
				EA5912F72900DDD700351876 /* Concrete_Bootcamp_ViewCodeUITests */,
				EA5912D52900DDD600351876 /* Products */,
			);
			sourceTree = "<group>";
		};
		EA5912D52900DDD600351876 /* Products */ = {
			isa = PBXGroup;
			children = (
				EA5912D42900DDD600351876 /* Concrete_Bootcamp_ViewCode.app */,
				EA5912EA2900DDD700351876 /* Concrete_Bootcamp_ViewCodeTests.xctest */,
				EA5912F42900DDD700351876 /* Concrete_Bootcamp_ViewCodeUITests.xctest */,
			);
			name = Products;
			sourceTree = "<group>";
		};
		EA5912D62900DDD600351876 /* Concrete_Bootcamp_ViewCode */ = {
			isa = PBXGroup;
			children = (
				EA59130C2900E7A700351876 /* Utils */,
				EA5913072900E50500351876 /* CustomViewController */,
				EA5912D72900DDD600351876 /* AppDelegate.swift */,
				EA5912D92900DDD600351876 /* SceneDelegate.swift */,
				EA5912DB2900DDD600351876 /* ViewController.swift */,
				EA5912E02900DDD700351876 /* Assets.xcassets */,
				EA5912E22900DDD700351876 /* LaunchScreen.storyboard */,
				EA5912E52900DDD700351876 /* Info.plist */,
			);
			path = Concrete_Bootcamp_ViewCode;
			sourceTree = "<group>";
		};
		EA5912ED2900DDD700351876 /* Concrete_Bootcamp_ViewCodeTests */ = {
			isa = PBXGroup;
			children = (
				EA5912EE2900DDD700351876 /* Concrete_Bootcamp_ViewCodeTests.swift */,
			);
			path = Concrete_Bootcamp_ViewCodeTests;
			sourceTree = "<group>";
		};
		EA5912F72900DDD700351876 /* Concrete_Bootcamp_ViewCodeUITests */ = {
			isa = PBXGroup;
			children = (
				EA5912F82900DDD700351876 /* Concrete_Bootcamp_ViewCodeUITests.swift */,
				EA5912FA2900DDD700351876 /* Concrete_Bootcamp_ViewCodeUITestsLaunchTests.swift */,
			);
			path = Concrete_Bootcamp_ViewCodeUITests;
			sourceTree = "<group>";
		};
		EA5913072900E50500351876 /* CustomViewController */ = {
			isa = PBXGroup;
			children = (
				EA5913082900E51B00351876 /* CustomViewController.swift */,
				EA59130A2900E60A00351876 /* CustomView.swift */,
			);
			path = CustomViewController;
			sourceTree = "<group>";
		};
		EA59130C2900E7A700351876 /* Utils */ = {
			isa = PBXGroup;
			children = (
				EA59130D2900E7B500351876 /* ViewCode.swift */,
			);
			path = Utils;
			sourceTree = "<group>";
		};
/* End PBXGroup section */

/* Begin PBXNativeTarget section */
		EA5912D32900DDD600351876 /* Concrete_Bootcamp_ViewCode */ = {
			isa = PBXNativeTarget;
			buildConfigurationList = EA5912FE2900DDD700351876 /* Build configuration list for PBXNativeTarget "Concrete_Bootcamp_ViewCode" */;
			buildPhases = (
				EA5912D02900DDD600351876 /* Sources */,
				EA5912D12900DDD600351876 /* Frameworks */,
				EA5912D22900DDD600351876 /* Resources */,
			);
			buildRules = (
			);
			dependencies = (
			);
			name = Concrete_Bootcamp_ViewCode;
			productName = Concrete_Bootcamp_ViewCode;
			productReference = EA5912D42900DDD600351876 /* Concrete_Bootcamp_ViewCode.app */;
			productType = "com.apple.product-type.application";
		};
		EA5912E92900DDD700351876 /* Concrete_Bootcamp_ViewCodeTests */ = {
			isa = PBXNativeTarget;
			buildConfigurationList = EA5913012900DDD700351876 /* Build configuration list for PBXNativeTarget "Concrete_Bootcamp_ViewCodeTests" */;
			buildPhases = (
				EA5912E62900DDD700351876 /* Sources */,
				EA5912E72900DDD700351876 /* Frameworks */,
				EA5912E82900DDD700351876 /* Resources */,
			);
			buildRules = (
			);
			dependencies = (
				EA5912EC2900DDD700351876 /* PBXTargetDependency */,
			);
			name = Concrete_Bootcamp_ViewCodeTests;
			productName = Concrete_Bootcamp_ViewCodeTests;
			productReference = EA5912EA2900DDD700351876 /* Concrete_Bootcamp_ViewCodeTests.xctest */;
			productType = "com.apple.product-type.bundle.unit-test";
		};
		EA5912F32900DDD700351876 /* Concrete_Bootcamp_ViewCodeUITests */ = {
			isa = PBXNativeTarget;
			buildConfigurationList = EA5913042900DDD700351876 /* Build configuration list for PBXNativeTarget "Concrete_Bootcamp_ViewCodeUITests" */;
			buildPhases = (
				EA5912F02900DDD700351876 /* Sources */,
				EA5912F12900DDD700351876 /* Frameworks */,
				EA5912F22900DDD700351876 /* Resources */,
			);
			buildRules = (
			);
			dependencies = (
				EA5912F62900DDD700351876 /* PBXTargetDependency */,
			);
			name = Concrete_Bootcamp_ViewCodeUITests;
			productName = Concrete_Bootcamp_ViewCodeUITests;
			productReference = EA5912F42900DDD700351876 /* Concrete_Bootcamp_ViewCodeUITests.xctest */;
			productType = "com.apple.product-type.bundle.ui-testing";
		};
/* End PBXNativeTarget section */

/* Begin PBXProject section */
		EA5912CC2900DDD600351876 /* Project object */ = {
			isa = PBXProject;
			attributes = {
				BuildIndependentTargetsInParallel = 1;
				LastSwiftUpdateCheck = 1400;
				LastUpgradeCheck = 1400;
				TargetAttributes = {
					EA5912D32900DDD600351876 = {
						CreatedOnToolsVersion = 14.0.1;
					};
					EA5912E92900DDD700351876 = {
						CreatedOnToolsVersion = 14.0.1;
						TestTargetID = EA5912D32900DDD600351876;
					};
					EA5912F32900DDD700351876 = {
						CreatedOnToolsVersion = 14.0.1;
						TestTargetID = EA5912D32900DDD600351876;
					};
				};
			};
			buildConfigurationList = EA5912CF2900DDD600351876 /* Build configuration list for PBXProject "Concrete_Bootcamp_ViewCode" */;
			compatibilityVersion = "Xcode 14.0";
			developmentRegion = en;
			hasScannedForEncodings = 0;
			knownRegions = (
				en,
				Base,
			);
			mainGroup = EA5912CB2900DDD600351876;
			productRefGroup = EA5912D52900DDD600351876 /* Products */;
			projectDirPath = "";
			projectRoot = "";
			targets = (
				EA5912D32900DDD600351876 /* Concrete_Bootcamp_ViewCode */,
				EA5912E92900DDD700351876 /* Concrete_Bootcamp_ViewCodeTests */,
				EA5912F32900DDD700351876 /* Concrete_Bootcamp_ViewCodeUITests */,
			);
		};
/* End PBXProject section */

/* Begin PBXResourcesBuildPhase section */
		EA5912D22900DDD600351876 /* Resources */ = {
			isa = PBXResourcesBuildPhase;
			buildActionMask = 2147483647;
			files = (
				EA5912E42900DDD700351876 /* LaunchScreen.storyboard in Resources */,
				EA5912E12900DDD700351876 /* Assets.xcassets in Resources */,
			);
			runOnlyForDeploymentPostprocessing = 0;
		};
		EA5912E82900DDD700351876 /* Resources */ = {
			isa = PBXResourcesBuildPhase;
			buildActionMask = 2147483647;
			files = (
			);
			runOnlyForDeploymentPostprocessing = 0;
		};
		EA5912F22900DDD700351876 /* Resources */ = {
			isa = PBXResourcesBuildPhase;
			buildActionMask = 2147483647;
			files = (
			);
			runOnlyForDeploymentPostprocessing = 0;
		};
/* End PBXResourcesBuildPhase section */

/* Begin PBXSourcesBuildPhase section */
		EA5912D02900DDD600351876 /* Sources */ = {
			isa = PBXSourcesBuildPhase;
			buildActionMask = 2147483647;
			files = (
				EA59130B2900E60A00351876 /* CustomView.swift in Sources */,
				EA5912DC2900DDD600351876 /* ViewController.swift in Sources */,
				EA5912D82900DDD600351876 /* AppDelegate.swift in Sources */,
				EA5912DA2900DDD600351876 /* SceneDelegate.swift in Sources */,
				EA5913092900E51B00351876 /* CustomViewController.swift in Sources */,
				EA59130E2900E7B500351876 /* ViewCode.swift in Sources */,
			);
			runOnlyForDeploymentPostprocessing = 0;
		};
		EA5912E62900DDD700351876 /* Sources */ = {
			isa = PBXSourcesBuildPhase;
			buildActionMask = 2147483647;
			files = (
				EA5912EF2900DDD700351876 /* Concrete_Bootcamp_ViewCodeTests.swift in Sources */,
			);
			runOnlyForDeploymentPostprocessing = 0;
		};
		EA5912F02900DDD700351876 /* Sources */ = {
			isa = PBXSourcesBuildPhase;
			buildActionMask = 2147483647;
			files = (
				EA5912FB2900DDD700351876 /* Concrete_Bootcamp_ViewCodeUITestsLaunchTests.swift in Sources */,
				EA5912F92900DDD700351876 /* Concrete_Bootcamp_ViewCodeUITests.swift in Sources */,
			);
			runOnlyForDeploymentPostprocessing = 0;
		};
/* End PBXSourcesBuildPhase section */

/* Begin PBXTargetDependency section */
		EA5912EC2900DDD700351876 /* PBXTargetDependency */ = {
			isa = PBXTargetDependency;
			target = EA5912D32900DDD600351876 /* Concrete_Bootcamp_ViewCode */;
			targetProxy = EA5912EB2900DDD700351876 /* PBXContainerItemProxy */;
		};
		EA5912F62900DDD700351876 /* PBXTargetDependency */ = {
			isa = PBXTargetDependency;
			target = EA5912D32900DDD600351876 /* Concrete_Bootcamp_ViewCode */;
			targetProxy = EA5912F52900DDD700351876 /* PBXContainerItemProxy */;
		};
/* End PBXTargetDependency section */

/* Begin PBXVariantGroup section */
		EA5912E22900DDD700351876 /* LaunchScreen.storyboard */ = {
			isa = PBXVariantGroup;
			children = (
				EA5912E32900DDD700351876 /* Base */,
			);
			name = LaunchScreen.storyboard;
			sourceTree = "<group>";
		};
/* End PBXVariantGroup section */

/* Begin XCBuildConfiguration section */
		EA5912FC2900DDD700351876 /* Debug */ = {
			isa = XCBuildConfiguration;
			buildSettings = {
				ALWAYS_SEARCH_USER_PATHS = NO;
				CLANG_ANALYZER_NONNULL = YES;
				CLANG_ANALYZER_NUMBER_OBJECT_CONVERSION = YES_AGGRESSIVE;
				CLANG_CXX_LANGUAGE_STANDARD = "gnu++20";
				CLANG_ENABLE_MODULES = YES;
				CLANG_ENABLE_OBJC_ARC = YES;
				CLANG_ENABLE_OBJC_WEAK = YES;
				CLANG_WARN_BLOCK_CAPTURE_AUTORELEASING = YES;
				CLANG_WARN_BOOL_CONVERSION = YES;
				CLANG_WARN_COMMA = YES;
				CLANG_WARN_CONSTANT_CONVERSION = YES;
				CLANG_WARN_DEPRECATED_OBJC_IMPLEMENTATIONS = YES;
				CLANG_WARN_DIRECT_OBJC_ISA_USAGE = YES_ERROR;
				CLANG_WARN_DOCUMENTATION_COMMENTS = YES;
				CLANG_WARN_EMPTY_BODY = YES;
				CLANG_WARN_ENUM_CONVERSION = YES;
				CLANG_WARN_INFINITE_RECURSION = YES;
				CLANG_WARN_INT_CONVERSION = YES;
				CLANG_WARN_NON_LITERAL_NULL_CONVERSION = YES;
				CLANG_WARN_OBJC_IMPLICIT_RETAIN_SELF = YES;
				CLANG_WARN_OBJC_LITERAL_CONVERSION = YES;
				CLANG_WARN_OBJC_ROOT_CLASS = YES_ERROR;
				CLANG_WARN_QUOTED_INCLUDE_IN_FRAMEWORK_HEADER = YES;
				CLANG_WARN_RANGE_LOOP_ANALYSIS = YES;
				CLANG_WARN_STRICT_PROTOTYPES = YES;
				CLANG_WARN_SUSPICIOUS_MOVE = YES;
				CLANG_WARN_UNGUARDED_AVAILABILITY = YES_AGGRESSIVE;
				CLANG_WARN_UNREACHABLE_CODE = YES;
				CLANG_WARN__DUPLICATE_METHOD_MATCH = YES;
				COPY_PHASE_STRIP = NO;
				DEBUG_INFORMATION_FORMAT = dwarf;
				ENABLE_STRICT_OBJC_MSGSEND = YES;
				ENABLE_TESTABILITY = YES;
				GCC_C_LANGUAGE_STANDARD = gnu11;
				GCC_DYNAMIC_NO_PIC = NO;
				GCC_NO_COMMON_BLOCKS = YES;
				GCC_OPTIMIZATION_LEVEL = 0;
				GCC_PREPROCESSOR_DEFINITIONS = (
					"DEBUG=1",
					"$(inherited)",
				);
				GCC_WARN_64_TO_32_BIT_CONVERSION = YES;
				GCC_WARN_ABOUT_RETURN_TYPE = YES_ERROR;
				GCC_WARN_UNDECLARED_SELECTOR = YES;
				GCC_WARN_UNINITIALIZED_AUTOS = YES_AGGRESSIVE;
				GCC_WARN_UNUSED_FUNCTION = YES;
				GCC_WARN_UNUSED_VARIABLE = YES;
				IPHONEOS_DEPLOYMENT_TARGET = 16.0;
				MTL_ENABLE_DEBUG_INFO = INCLUDE_SOURCE;
				MTL_FAST_MATH = YES;
				ONLY_ACTIVE_ARCH = YES;
				SDKROOT = iphoneos;
				SWIFT_ACTIVE_COMPILATION_CONDITIONS = DEBUG;
				SWIFT_OPTIMIZATION_LEVEL = "-Onone";
			};
			name = Debug;
		};
		EA5912FD2900DDD700351876 /* Release */ = {
			isa = XCBuildConfiguration;
			buildSettings = {
				ALWAYS_SEARCH_USER_PATHS = NO;
				CLANG_ANALYZER_NONNULL = YES;
				CLANG_ANALYZER_NUMBER_OBJECT_CONVERSION = YES_AGGRESSIVE;
				CLANG_CXX_LANGUAGE_STANDARD = "gnu++20";
				CLANG_ENABLE_MODULES = YES;
				CLANG_ENABLE_OBJC_ARC = YES;
				CLANG_ENABLE_OBJC_WEAK = YES;
				CLANG_WARN_BLOCK_CAPTURE_AUTORELEASING = YES;
				CLANG_WARN_BOOL_CONVERSION = YES;
				CLANG_WARN_COMMA = YES;
				CLANG_WARN_CONSTANT_CONVERSION = YES;
				CLANG_WARN_DEPRECATED_OBJC_IMPLEMENTATIONS = YES;
				CLANG_WARN_DIRECT_OBJC_ISA_USAGE = YES_ERROR;
				CLANG_WARN_DOCUMENTATION_COMMENTS = YES;
				CLANG_WARN_EMPTY_BODY = YES;
				CLANG_WARN_ENUM_CONVERSION = YES;
				CLANG_WARN_INFINITE_RECURSION = YES;
				CLANG_WARN_INT_CONVERSION = YES;
				CLANG_WARN_NON_LITERAL_NULL_CONVERSION = YES;
				CLANG_WARN_OBJC_IMPLICIT_RETAIN_SELF = YES;
				CLANG_WARN_OBJC_LITERAL_CONVERSION = YES;
				CLANG_WARN_OBJC_ROOT_CLASS = YES_ERROR;
				CLANG_WARN_QUOTED_INCLUDE_IN_FRAMEWORK_HEADER = YES;
				CLANG_WARN_RANGE_LOOP_ANALYSIS = YES;
				CLANG_WARN_STRICT_PROTOTYPES = YES;
				CLANG_WARN_SUSPICIOUS_MOVE = YES;
				CLANG_WARN_UNGUARDED_AVAILABILITY = YES_AGGRESSIVE;
				CLANG_WARN_UNREACHABLE_CODE = YES;
				CLANG_WARN__DUPLICATE_METHOD_MATCH = YES;
				COPY_PHASE_STRIP = NO;
				DEBUG_INFORMATION_FORMAT = "dwarf-with-dsym";
				ENABLE_NS_ASSERTIONS = NO;
				ENABLE_STRICT_OBJC_MSGSEND = YES;
				GCC_C_LANGUAGE_STANDARD = gnu11;
				GCC_NO_COMMON_BLOCKS = YES;
				GCC_WARN_64_TO_32_BIT_CONVERSION = YES;
				GCC_WARN_ABOUT_RETURN_TYPE = YES_ERROR;
				GCC_WARN_UNDECLARED_SELECTOR = YES;
				GCC_WARN_UNINITIALIZED_AUTOS = YES_AGGRESSIVE;
				GCC_WARN_UNUSED_FUNCTION = YES;
				GCC_WARN_UNUSED_VARIABLE = YES;
				IPHONEOS_DEPLOYMENT_TARGET = 16.0;
				MTL_ENABLE_DEBUG_INFO = NO;
				MTL_FAST_MATH = YES;
				SDKROOT = iphoneos;
				SWIFT_COMPILATION_MODE = wholemodule;
				SWIFT_OPTIMIZATION_LEVEL = "-O";
				VALIDATE_PRODUCT = YES;
			};
			name = Release;
		};
		EA5912FF2900DDD700351876 /* Debug */ = {
			isa = XCBuildConfiguration;
			buildSettings = {
				ASSETCATALOG_COMPILER_APPICON_NAME = AppIcon;
				ASSETCATALOG_COMPILER_GLOBAL_ACCENT_COLOR_NAME = AccentColor;
				CODE_SIGN_STYLE = Automatic;
				CURRENT_PROJECT_VERSION = 1;
				DEVELOPMENT_TEAM = R5UC247K67;
				GENERATE_INFOPLIST_FILE = YES;
				INFOPLIST_FILE = Concrete_Bootcamp_ViewCode/Info.plist;
				INFOPLIST_KEY_UIApplicationSupportsIndirectInputEvents = YES;
				INFOPLIST_KEY_UILaunchStoryboardName = LaunchScreen;
				INFOPLIST_KEY_UISupportedInterfaceOrientations_iPad = "UIInterfaceOrientationPortrait UIInterfaceOrientationPortraitUpsideDown UIInterfaceOrientationLandscapeLeft UIInterfaceOrientationLandscapeRight";
				INFOPLIST_KEY_UISupportedInterfaceOrientations_iPhone = "UIInterfaceOrientationPortrait UIInterfaceOrientationLandscapeLeft UIInterfaceOrientationLandscapeRight";
				LD_RUNPATH_SEARCH_PATHS = (
					"$(inherited)",
					"@executable_path/Frameworks",
				);
				MARKETING_VERSION = 1.0;
				PRODUCT_BUNDLE_IDENTIFIER = "msventurini.Concrete-Bootcamp-ViewCode";
				PRODUCT_NAME = "$(TARGET_NAME)";
				SWIFT_EMIT_LOC_STRINGS = YES;
				SWIFT_VERSION = 5.0;
				TARGETED_DEVICE_FAMILY = "1,2";
			};
			name = Debug;
		};
		EA5913002900DDD700351876 /* Release */ = {
			isa = XCBuildConfiguration;
			buildSettings = {
				ASSETCATALOG_COMPILER_APPICON_NAME = AppIcon;
				ASSETCATALOG_COMPILER_GLOBAL_ACCENT_COLOR_NAME = AccentColor;
				CODE_SIGN_STYLE = Automatic;
				CURRENT_PROJECT_VERSION = 1;
				DEVELOPMENT_TEAM = R5UC247K67;
				GENERATE_INFOPLIST_FILE = YES;
				INFOPLIST_FILE = Concrete_Bootcamp_ViewCode/Info.plist;
				INFOPLIST_KEY_UIApplicationSupportsIndirectInputEvents = YES;
				INFOPLIST_KEY_UILaunchStoryboardName = LaunchScreen;
				INFOPLIST_KEY_UISupportedInterfaceOrientations_iPad = "UIInterfaceOrientationPortrait UIInterfaceOrientationPortraitUpsideDown UIInterfaceOrientationLandscapeLeft UIInterfaceOrientationLandscapeRight";
				INFOPLIST_KEY_UISupportedInterfaceOrientations_iPhone = "UIInterfaceOrientationPortrait UIInterfaceOrientationLandscapeLeft UIInterfaceOrientationLandscapeRight";
				LD_RUNPATH_SEARCH_PATHS = (
					"$(inherited)",
					"@executable_path/Frameworks",
				);
				MARKETING_VERSION = 1.0;
				PRODUCT_BUNDLE_IDENTIFIER = "msventurini.Concrete-Bootcamp-ViewCode";
				PRODUCT_NAME = "$(TARGET_NAME)";
				SWIFT_EMIT_LOC_STRINGS = YES;
				SWIFT_VERSION = 5.0;
				TARGETED_DEVICE_FAMILY = "1,2";
			};
			name = Release;
		};
		EA5913022900DDD700351876 /* Debug */ = {
			isa = XCBuildConfiguration;
			buildSettings = {
				ALWAYS_EMBED_SWIFT_STANDARD_LIBRARIES = YES;
				BUNDLE_LOADER = "$(TEST_HOST)";
				CODE_SIGN_STYLE = Automatic;
				CURRENT_PROJECT_VERSION = 1;
				DEVELOPMENT_TEAM = R5UC247K67;
				GENERATE_INFOPLIST_FILE = YES;
				IPHONEOS_DEPLOYMENT_TARGET = 16.0;
				MARKETING_VERSION = 1.0;
				PRODUCT_BUNDLE_IDENTIFIER = "msventurini.Concrete-Bootcamp-ViewCodeTests";
				PRODUCT_NAME = "$(TARGET_NAME)";
				SWIFT_EMIT_LOC_STRINGS = NO;
				SWIFT_VERSION = 5.0;
				TARGETED_DEVICE_FAMILY = "1,2";
				TEST_HOST = "$(BUILT_PRODUCTS_DIR)/Concrete_Bootcamp_ViewCode.app/$(BUNDLE_EXECUTABLE_FOLDER_PATH)/Concrete_Bootcamp_ViewCode";
			};
			name = Debug;
		};
		EA5913032900DDD700351876 /* Release */ = {
			isa = XCBuildConfiguration;
			buildSettings = {
				ALWAYS_EMBED_SWIFT_STANDARD_LIBRARIES = YES;
				BUNDLE_LOADER = "$(TEST_HOST)";
				CODE_SIGN_STYLE = Automatic;
				CURRENT_PROJECT_VERSION = 1;
				DEVELOPMENT_TEAM = R5UC247K67;
				GENERATE_INFOPLIST_FILE = YES;
				IPHONEOS_DEPLOYMENT_TARGET = 16.0;
				MARKETING_VERSION = 1.0;
				PRODUCT_BUNDLE_IDENTIFIER = "msventurini.Concrete-Bootcamp-ViewCodeTests";
				PRODUCT_NAME = "$(TARGET_NAME)";
				SWIFT_EMIT_LOC_STRINGS = NO;
				SWIFT_VERSION = 5.0;
				TARGETED_DEVICE_FAMILY = "1,2";
				TEST_HOST = "$(BUILT_PRODUCTS_DIR)/Concrete_Bootcamp_ViewCode.app/$(BUNDLE_EXECUTABLE_FOLDER_PATH)/Concrete_Bootcamp_ViewCode";
			};
			name = Release;
		};
		EA5913052900DDD700351876 /* Debug */ = {
			isa = XCBuildConfiguration;
			buildSettings = {
				ALWAYS_EMBED_SWIFT_STANDARD_LIBRARIES = YES;
				CODE_SIGN_STYLE = Automatic;
				CURRENT_PROJECT_VERSION = 1;
				DEVELOPMENT_TEAM = R5UC247K67;
				GENERATE_INFOPLIST_FILE = YES;
				MARKETING_VERSION = 1.0;
				PRODUCT_BUNDLE_IDENTIFIER = "msventurini.Concrete-Bootcamp-ViewCodeUITests";
				PRODUCT_NAME = "$(TARGET_NAME)";
				SWIFT_EMIT_LOC_STRINGS = NO;
				SWIFT_VERSION = 5.0;
				TARGETED_DEVICE_FAMILY = "1,2";
				TEST_TARGET_NAME = Concrete_Bootcamp_ViewCode;
			};
			name = Debug;
		};
		EA5913062900DDD700351876 /* Release */ = {
			isa = XCBuildConfiguration;
			buildSettings = {
				ALWAYS_EMBED_SWIFT_STANDARD_LIBRARIES = YES;
				CODE_SIGN_STYLE = Automatic;
				CURRENT_PROJECT_VERSION = 1;
				DEVELOPMENT_TEAM = R5UC247K67;
				GENERATE_INFOPLIST_FILE = YES;
				MARKETING_VERSION = 1.0;
				PRODUCT_BUNDLE_IDENTIFIER = "msventurini.Concrete-Bootcamp-ViewCodeUITests";
				PRODUCT_NAME = "$(TARGET_NAME)";
				SWIFT_EMIT_LOC_STRINGS = NO;
				SWIFT_VERSION = 5.0;
				TARGETED_DEVICE_FAMILY = "1,2";
				TEST_TARGET_NAME = Concrete_Bootcamp_ViewCode;
			};
			name = Release;
		};
/* End XCBuildConfiguration section */

/* Begin XCConfigurationList section */
		EA5912CF2900DDD600351876 /* Build configuration list for PBXProject "Concrete_Bootcamp_ViewCode" */ = {
			isa = XCConfigurationList;
			buildConfigurations = (
				EA5912FC2900DDD700351876 /* Debug */,
				EA5912FD2900DDD700351876 /* Release */,
			);
			defaultConfigurationIsVisible = 0;
			defaultConfigurationName = Release;
		};
		EA5912FE2900DDD700351876 /* Build configuration list for PBXNativeTarget "Concrete_Bootcamp_ViewCode" */ = {
			isa = XCConfigurationList;
			buildConfigurations = (
				EA5912FF2900DDD700351876 /* Debug */,
				EA5913002900DDD700351876 /* Release */,
			);
			defaultConfigurationIsVisible = 0;
			defaultConfigurationName = Release;
		};
		EA5913012900DDD700351876 /* Build configuration list for PBXNativeTarget "Concrete_Bootcamp_ViewCodeTests" */ = {
			isa = XCConfigurationList;
			buildConfigurations = (
				EA5913022900DDD700351876 /* Debug */,
				EA5913032900DDD700351876 /* Release */,
			);
			defaultConfigurationIsVisible = 0;
			defaultConfigurationName = Release;
		};
		EA5913042900DDD700351876 /* Build configuration list for PBXNativeTarget "Concrete_Bootcamp_ViewCodeUITests" */ = {
			isa = XCConfigurationList;
			buildConfigurations = (
				EA5913052900DDD700351876 /* Debug */,
				EA5913062900DDD700351876 /* Release */,
			);
			defaultConfigurationIsVisible = 0;
			defaultConfigurationName = Release;
		};
/* End XCConfigurationList section */
	};
	rootObject = EA5912CC2900DDD600351876 /* Project object */;
}
